
Microsoft Visual Studio Solution File, Format Version 12.00
# Visual Studio 15
VisualStudioVersion = 15.0.28010.2019
MinimumVisualStudioVersion = 10.0.40219.1
Project("{FAE04EC0-301F-11D3-BF4B-00C04F79EFBC}") = "MBCore", "MBCore\MBCore.csproj", "{9EA956C6-BE47-444D-AFAA-721664E7C7B2}"
EndProject
Project("{2150E333-8FDC-42A3-9474-1A3956D46DE8}") = "InterMag", "InterMag", "{A9AF643A-B44D-4E6B-989D-84EB41359577}"
EndProject
Project("{FAE04EC0-301F-11D3-BF4B-00C04F79EFBC}") = "WcfServiceLibrary", "InterMag\WcfServiceLibrary\WcfServiceLibrary.csproj", "{E3931CF3-A0C1-4566-AF6A-854F7FE312B9}"
EndProject
Project("{FAE04EC0-301F-11D3-BF4B-00C04F79EFBC}") = "WcfServiceHost", "InterMag\WcfServiceHost\WcfServiceHost.csproj", "{779F1CD6-2B0B-425A-B1E1-6F3914A53B00}"
EndProject
Project("{FAE04EC0-301F-11D3-BF4B-00C04F79EFBC}") = "EnvoyerCommande", "InterMag\EnvoyerCommande\EnvoyerCommande.csproj", "{0D0C2B99-43EA-44DF-B15F-63A09578DACC}"
EndProject
Project("{FAE04EC0-301F-11D3-BF4B-00C04F79EFBC}") = "InterMagService", "InterMag\InterMagService\InterMagService.csproj", "{98A09AEA-F4CB-469F-B088-CEED2AA499B3}"
EndProject
Project("{54435603-DBB4-11D2-8724-00A0C9A8B90C}") = "InterMagServiceSetup", "InterMag\InterMagServiceSetup\InterMagServiceSetup.vdproj", "{3C6975D2-6E23-4F30-8784-38F833BED6E6}"
EndProject
Project("{FAE04EC0-301F-11D3-BF4B-00C04F79EFBC}") = "LiaisonsDocVente", "Contremarque\LiaisonsDocVente\LiaisonsDocVente.csproj", "{476E5748-C8CC-49B0-9083-DD105751104C}"
EndProject
Project("{FAE04EC0-301F-11D3-BF4B-00C04F79EFBC}") = "ListeCommandes", "ListeCommandes\ListeCommandes.csproj", "{2822862A-6C9C-4021-823C-A1DF573E07D4}"
EndProject
Project("{FAE04EC0-301F-11D3-BF4B-00C04F79EFBC}") = "ElmUtilisation", "ElmUtilisation\ElmUtilisation.csproj", "{C17640B4-34C8-4F90-8219-7CDF22D86B02}"
EndProject
Project("{FAE04EC0-301F-11D3-BF4B-00C04F79EFBC}") = "DataVirtualization", "DataVirtualization\DataVirtualization.csproj", "{48E0EB7C-30B3-4A98-89BC-732039BEF625}"
EndProject
Project("{FAE04EC0-301F-11D3-BF4B-00C04F79EFBC}") = "DeconnexionUtilisateur", "DeconnexionUtilisateur\DeconnexionUtilisateur.csproj", "{359CF17D-5266-416F-B5DE-D8F221E047DF}"
EndProject
Project("{FAE04EC0-301F-11D3-BF4B-00C04F79EFBC}") = "VerrouillageDoc", "VerrouillageDoc\VerrouillageDoc.csproj", "{F59E77DA-F0FB-4C08-852E-A99FF0BAA1D6}"
EndProject
Project("{F184B08F-C81C-45F6-A57F-5ABD9991F28F}") = "CreaPieceComptaWeb", "CreaPieceComptaWeb\CreaPieceComptaWeb.vbproj", "{297EDF76-234D-4799-B12E-EE5443C98D12}"
EndProject
Project("{F184B08F-C81C-45F6-A57F-5ABD9991F28F}") = "ListeArticles", "ListeArticles\ListeArticles.vbproj", "{D29B425E-9D71-49BD-BC30-099F78AA45E4}"
EndProject
Project("{F184B08F-C81C-45F6-A57F-5ABD9991F28F}") = "listeMajFourn", "listeMajFourn\listeMajFourn.vbproj", "{55CFC8EB-D32B-4BF8-BBEA-1D586595A381}"
EndProject
Project("{F184B08F-C81C-45F6-A57F-5ABD9991F28F}") = "ChercheDevis", "ChercheDevis\ChercheDevis.vbproj", "{9CA59C8A-03AD-48A9-A8A2-AD0386C72F34}"
EndProject
Project("{2150E333-8FDC-42A3-9474-1A3956D46DE8}") = "EPI", "EPI", "{67EFF444-6469-4AD6-B95E-FB60E8B262F5}"
EndProject
Project("{FAE04EC0-301F-11D3-BF4B-00C04F79EFBC}") = "EpiService", "EPI\EpiService\EpiService.csproj", "{DB1E7500-1448-4FF2-A0C9-70375F8DC2BF}"
EndProject
Project("{2150E333-8FDC-42A3-9474-1A3956D46DE8}") = "Etiquettes", "Etiquettes", "{A0C64C7E-56A8-4888-9FC3-F19E4067A727}"
EndProject
Project("{F184B08F-C81C-45F6-A57F-5ABD9991F28F}") = "Etiquettes", "Etiquettes\Etiquettes\Etiquettes.vbproj", "{E812C76A-B5D0-47B1-801F-7059DA85F6CE}"
EndProject
Project("{F184B08F-C81C-45F6-A57F-5ABD9991F28F}") = "TestPrint", "Etiquettes\TestPrint\TestPrint.vbproj", "{68C0F198-8A39-4A8E-A5F8-972BD1748C87}"
EndProject
Project("{2150E333-8FDC-42A3-9474-1A3956D46DE8}") = "Inventaire", "Inventaire", "{92FDB3B5-440F-4212-88DA-9714BC495DBD}"
EndProject
Project("{FAE04EC0-301F-11D3-BF4B-00C04F79EFBC}") = "Integration", "Inventaire\Integration\Integration.csproj", "{95203E67-23CE-47EE-AB1B-E21527A22431}"
EndProject
Project("{FAE04EC0-301F-11D3-BF4B-00C04F79EFBC}") = "ReceptionCommande", "ReceptionCommande\ReceptionCommande.csproj", "{EF976249-A86E-495B-AD85-C21FC19F30D4}"
EndProject
Project("{2150E333-8FDC-42A3-9474-1A3956D46DE8}") = "Documents", "Documents", "{2D893FCC-F11A-44F3-842E-47A9894D3737}"
EndProject
Project("{FAE04EC0-301F-11D3-BF4B-00C04F79EFBC}") = "PrepaCommande", "PrepaCommande\PrepaCommande.csproj", "{64FE4A08-7870-4D56-A548-38A865404BFD}"
EndProject
Project("{F184B08F-C81C-45F6-A57F-5ABD9991F28F}") = "ZebraCOMTest", "Etiquettes\ZebraCOMTest\ZebraCOMTest.vbproj", "{A3CE6E80-A59E-4EA6-980C-9728FD9ED484}"
EndProject
Project("{F184B08F-C81C-45F6-A57F-5ABD9991F28F}") = "ZebraTestPrint", "Etiquettes\ZebraTestPrint\ZebraTestPrint.vbproj", "{1C53BEB0-01CF-4C08-8512-4E42342DAC1E}"
EndProject
Project("{FAE04EC0-301F-11D3-BF4B-00C04F79EFBC}") = "Logistique", "Logistique\Logistique.csproj", "{A4D317EB-42C6-4C89-9E61-936990432412}"
EndProject
Project("{2150E333-8FDC-42A3-9474-1A3956D46DE8}") = "MajFourn", "MajFourn", "{C3D05CB3-D167-4C88-B081-4988AA61C611}"
EndProject
Project("{FAE04EC0-301F-11D3-BF4B-00C04F79EFBC}") = "MajFournDNA", "MajFournDNA\MajFournDNA.csproj", "{D0FCD63D-1F67-459E-A4CE-17C7142140E2}"
EndProject
Project("{FAE04EC0-301F-11D3-BF4B-00C04F79EFBC}") = "MajFournDNATest", "MajFournDNATest\MajFournDNATest.csproj", "{2504D833-9099-4766-BB70-48D21FFC1A1D}"
EndProject
Project("{FAE04EC0-301F-11D3-BF4B-00C04F79EFBC}") = "Divers", "Divers\Divers.csproj", "{E9E2E72B-3874-43FB-86B8-18E60BAC98D7}"
EndProject
Project("{2150E333-8FDC-42A3-9474-1A3956D46DE8}") = "Solution Items", "Solution Items", "{A6E7355C-0745-4713-AD44-EBF137FDDF39}"
	ProjectSection(SolutionItems) = preProject
		vs-marchal-bodin.pfx = vs-marchal-bodin.pfx
	EndProjectSection
EndProject
Project("{FAE04EC0-301F-11D3-BF4B-00C04F79EFBC}") = "SyncDb", "SyncDb\SyncDb.csproj", "{4133E820-7C1F-4E6D-8B48-B2F3A9DE2181}"
EndProject
Project("{FAE04EC0-301F-11D3-BF4B-00C04F79EFBC}") = "SyncDbUi", "SyncDbUi\SyncDbUi.csproj", "{CD792F49-356C-4BAC-A153-62F9817BB96B}"
EndProject
Project("{FAE04EC0-301F-11D3-BF4B-00C04F79EFBC}") = "IntermagServiceTest", "IntermagServiceTest\IntermagServiceTest.csproj", "{6453AF95-7C51-41FE-87F2-64A8AA711BB6}"
EndProject
Project("{FAE04EC0-301F-11D3-BF4B-00C04F79EFBC}") = "OnScreenKeyboardControl", "OnScreenKeyboardControl\OnScreenKeyboardControl.csproj", "{CA03FA7F-436A-42C0-B08B-BA97823D250C}"
EndProject
Global
	GlobalSection(SolutionConfigurationPlatforms) = preSolution
		Debug|Any CPU = Debug|Any CPU
		Release|Any CPU = Release|Any CPU
	EndGlobalSection
	GlobalSection(ProjectConfigurationPlatforms) = postSolution
		{9EA956C6-BE47-444D-AFAA-721664E7C7B2}.Debug|Any CPU.ActiveCfg = Debug|Any CPU
		{9EA956C6-BE47-444D-AFAA-721664E7C7B2}.Debug|Any CPU.Build.0 = Debug|Any CPU
		{9EA956C6-BE47-444D-AFAA-721664E7C7B2}.Release|Any CPU.ActiveCfg = Release|Any CPU
		{9EA956C6-BE47-444D-AFAA-721664E7C7B2}.Release|Any CPU.Build.0 = Release|Any CPU
		{E3931CF3-A0C1-4566-AF6A-854F7FE312B9}.Debug|Any CPU.ActiveCfg = Debug|Any CPU
		{E3931CF3-A0C1-4566-AF6A-854F7FE312B9}.Debug|Any CPU.Build.0 = Debug|Any CPU
		{E3931CF3-A0C1-4566-AF6A-854F7FE312B9}.Release|Any CPU.ActiveCfg = Release|Any CPU
		{E3931CF3-A0C1-4566-AF6A-854F7FE312B9}.Release|Any CPU.Build.0 = Release|Any CPU
		{779F1CD6-2B0B-425A-B1E1-6F3914A53B00}.Debug|Any CPU.ActiveCfg = Debug|Any CPU
		{779F1CD6-2B0B-425A-B1E1-6F3914A53B00}.Debug|Any CPU.Build.0 = Debug|Any CPU
		{779F1CD6-2B0B-425A-B1E1-6F3914A53B00}.Release|Any CPU.ActiveCfg = Release|Any CPU
		{779F1CD6-2B0B-425A-B1E1-6F3914A53B00}.Release|Any CPU.Build.0 = Release|Any CPU
		{0D0C2B99-43EA-44DF-B15F-63A09578DACC}.Debug|Any CPU.ActiveCfg = Debug|Any CPU
		{0D0C2B99-43EA-44DF-B15F-63A09578DACC}.Debug|Any CPU.Build.0 = Debug|Any CPU
		{0D0C2B99-43EA-44DF-B15F-63A09578DACC}.Release|Any CPU.ActiveCfg = Release|Any CPU
		{0D0C2B99-43EA-44DF-B15F-63A09578DACC}.Release|Any CPU.Build.0 = Release|Any CPU
		{98A09AEA-F4CB-469F-B088-CEED2AA499B3}.Debug|Any CPU.ActiveCfg = Debug|Any CPU
		{98A09AEA-F4CB-469F-B088-CEED2AA499B3}.Debug|Any CPU.Build.0 = Debug|Any CPU
		{98A09AEA-F4CB-469F-B088-CEED2AA499B3}.Release|Any CPU.ActiveCfg = Release|Any CPU
		{98A09AEA-F4CB-469F-B088-CEED2AA499B3}.Release|Any CPU.Build.0 = Release|Any CPU
		{3C6975D2-6E23-4F30-8784-38F833BED6E6}.Debug|Any CPU.ActiveCfg = Debug
		{3C6975D2-6E23-4F30-8784-38F833BED6E6}.Release|Any CPU.ActiveCfg = Release
		{476E5748-C8CC-49B0-9083-DD105751104C}.Debug|Any CPU.ActiveCfg = Debug|Any CPU
		{476E5748-C8CC-49B0-9083-DD105751104C}.Debug|Any CPU.Build.0 = Debug|Any CPU
		{476E5748-C8CC-49B0-9083-DD105751104C}.Release|Any CPU.ActiveCfg = Release|Any CPU
		{476E5748-C8CC-49B0-9083-DD105751104C}.Release|Any CPU.Build.0 = Release|Any CPU
		{2822862A-6C9C-4021-823C-A1DF573E07D4}.Debug|Any CPU.ActiveCfg = Debug|Any CPU
		{2822862A-6C9C-4021-823C-A1DF573E07D4}.Debug|Any CPU.Build.0 = Debug|Any CPU
		{2822862A-6C9C-4021-823C-A1DF573E07D4}.Release|Any CPU.ActiveCfg = Release|Any CPU
		{2822862A-6C9C-4021-823C-A1DF573E07D4}.Release|Any CPU.Build.0 = Release|Any CPU
		{C17640B4-34C8-4F90-8219-7CDF22D86B02}.Debug|Any CPU.ActiveCfg = Debug|Any CPU
		{C17640B4-34C8-4F90-8219-7CDF22D86B02}.Debug|Any CPU.Build.0 = Debug|Any CPU
		{C17640B4-34C8-4F90-8219-7CDF22D86B02}.Release|Any CPU.ActiveCfg = Release|Any CPU
		{C17640B4-34C8-4F90-8219-7CDF22D86B02}.Release|Any CPU.Build.0 = Release|Any CPU
		{48E0EB7C-30B3-4A98-89BC-732039BEF625}.Debug|Any CPU.ActiveCfg = Debug|Any CPU
		{48E0EB7C-30B3-4A98-89BC-732039BEF625}.Debug|Any CPU.Build.0 = Debug|Any CPU
		{48E0EB7C-30B3-4A98-89BC-732039BEF625}.Release|Any CPU.ActiveCfg = Release|Any CPU
		{48E0EB7C-30B3-4A98-89BC-732039BEF625}.Release|Any CPU.Build.0 = Release|Any CPU
		{359CF17D-5266-416F-B5DE-D8F221E047DF}.Debug|Any CPU.ActiveCfg = Debug|Any CPU
		{359CF17D-5266-416F-B5DE-D8F221E047DF}.Debug|Any CPU.Build.0 = Debug|Any CPU
		{359CF17D-5266-416F-B5DE-D8F221E047DF}.Release|Any CPU.ActiveCfg = Release|Any CPU
		{359CF17D-5266-416F-B5DE-D8F221E047DF}.Release|Any CPU.Build.0 = Release|Any CPU
		{F59E77DA-F0FB-4C08-852E-A99FF0BAA1D6}.Debug|Any CPU.ActiveCfg = Debug|Any CPU
		{F59E77DA-F0FB-4C08-852E-A99FF0BAA1D6}.Debug|Any CPU.Build.0 = Debug|Any CPU
		{F59E77DA-F0FB-4C08-852E-A99FF0BAA1D6}.Release|Any CPU.ActiveCfg = Release|Any CPU
		{F59E77DA-F0FB-4C08-852E-A99FF0BAA1D6}.Release|Any CPU.Build.0 = Release|Any CPU
		{297EDF76-234D-4799-B12E-EE5443C98D12}.Debug|Any CPU.ActiveCfg = Debug|Any CPU
		{297EDF76-234D-4799-B12E-EE5443C98D12}.Debug|Any CPU.Build.0 = Debug|Any CPU
		{297EDF76-234D-4799-B12E-EE5443C98D12}.Release|Any CPU.ActiveCfg = Release|Any CPU
		{297EDF76-234D-4799-B12E-EE5443C98D12}.Release|Any CPU.Build.0 = Release|Any CPU
		{D29B425E-9D71-49BD-BC30-099F78AA45E4}.Debug|Any CPU.ActiveCfg = Debug|Any CPU
		{D29B425E-9D71-49BD-BC30-099F78AA45E4}.Debug|Any CPU.Build.0 = Debug|Any CPU
		{D29B425E-9D71-49BD-BC30-099F78AA45E4}.Release|Any CPU.ActiveCfg = Release|Any CPU
		{D29B425E-9D71-49BD-BC30-099F78AA45E4}.Release|Any CPU.Build.0 = Release|Any CPU
		{55CFC8EB-D32B-4BF8-BBEA-1D586595A381}.Debug|Any CPU.ActiveCfg = Debug|Any CPU
		{55CFC8EB-D32B-4BF8-BBEA-1D586595A381}.Debug|Any CPU.Build.0 = Debug|Any CPU
		{55CFC8EB-D32B-4BF8-BBEA-1D586595A381}.Release|Any CPU.ActiveCfg = Release|Any CPU
		{55CFC8EB-D32B-4BF8-BBEA-1D586595A381}.Release|Any CPU.Build.0 = Release|Any CPU
		{9CA59C8A-03AD-48A9-A8A2-AD0386C72F34}.Debug|Any CPU.ActiveCfg = Debug|Any CPU
		{9CA59C8A-03AD-48A9-A8A2-AD0386C72F34}.Debug|Any CPU.Build.0 = Debug|Any CPU
		{9CA59C8A-03AD-48A9-A8A2-AD0386C72F34}.Release|Any CPU.ActiveCfg = Release|Any CPU
		{9CA59C8A-03AD-48A9-A8A2-AD0386C72F34}.Release|Any CPU.Build.0 = Release|Any CPU
		{DB1E7500-1448-4FF2-A0C9-70375F8DC2BF}.Debug|Any CPU.ActiveCfg = Debug|Any CPU
		{DB1E7500-1448-4FF2-A0C9-70375F8DC2BF}.Debug|Any CPU.Build.0 = Debug|Any CPU
		{DB1E7500-1448-4FF2-A0C9-70375F8DC2BF}.Release|Any CPU.ActiveCfg = Release|Any CPU
		{DB1E7500-1448-4FF2-A0C9-70375F8DC2BF}.Release|Any CPU.Build.0 = Release|Any CPU
		{E812C76A-B5D0-47B1-801F-7059DA85F6CE}.Debug|Any CPU.ActiveCfg = Debug|Any CPU
		{E812C76A-B5D0-47B1-801F-7059DA85F6CE}.Debug|Any CPU.Build.0 = Debug|Any CPU
		{E812C76A-B5D0-47B1-801F-7059DA85F6CE}.Release|Any CPU.ActiveCfg = Release|Any CPU
		{E812C76A-B5D0-47B1-801F-7059DA85F6CE}.Release|Any CPU.Build.0 = Release|Any CPU
		{68C0F198-8A39-4A8E-A5F8-972BD1748C87}.Debug|Any CPU.ActiveCfg = Debug|Any CPU
		{68C0F198-8A39-4A8E-A5F8-972BD1748C87}.Debug|Any CPU.Build.0 = Debug|Any CPU
		{68C0F198-8A39-4A8E-A5F8-972BD1748C87}.Release|Any CPU.ActiveCfg = Release|Any CPU
		{68C0F198-8A39-4A8E-A5F8-972BD1748C87}.Release|Any CPU.Build.0 = Release|Any CPU
		{95203E67-23CE-47EE-AB1B-E21527A22431}.Debug|Any CPU.ActiveCfg = Debug|Any CPU
		{95203E67-23CE-47EE-AB1B-E21527A22431}.Debug|Any CPU.Build.0 = Debug|Any CPU
		{95203E67-23CE-47EE-AB1B-E21527A22431}.Release|Any CPU.ActiveCfg = Release|Any CPU
		{95203E67-23CE-47EE-AB1B-E21527A22431}.Release|Any CPU.Build.0 = Release|Any CPU
		{EF976249-A86E-495B-AD85-C21FC19F30D4}.Debug|Any CPU.ActiveCfg = Debug|Any CPU
		{EF976249-A86E-495B-AD85-C21FC19F30D4}.Debug|Any CPU.Build.0 = Debug|Any CPU
		{EF976249-A86E-495B-AD85-C21FC19F30D4}.Release|Any CPU.ActiveCfg = Release|Any CPU
		{EF976249-A86E-495B-AD85-C21FC19F30D4}.Release|Any CPU.Build.0 = Release|Any CPU
		{64FE4A08-7870-4D56-A548-38A865404BFD}.Debug|Any CPU.ActiveCfg = Debug|Any CPU
		{64FE4A08-7870-4D56-A548-38A865404BFD}.Debug|Any CPU.Build.0 = Debug|Any CPU
		{64FE4A08-7870-4D56-A548-38A865404BFD}.Release|Any CPU.ActiveCfg = Release|Any CPU
		{64FE4A08-7870-4D56-A548-38A865404BFD}.Release|Any CPU.Build.0 = Release|Any CPU
		{A3CE6E80-A59E-4EA6-980C-9728FD9ED484}.Debug|Any CPU.ActiveCfg = Debug|Any CPU
		{A3CE6E80-A59E-4EA6-980C-9728FD9ED484}.Debug|Any CPU.Build.0 = Debug|Any CPU
		{A3CE6E80-A59E-4EA6-980C-9728FD9ED484}.Release|Any CPU.ActiveCfg = Release|Any CPU
		{A3CE6E80-A59E-4EA6-980C-9728FD9ED484}.Release|Any CPU.Build.0 = Release|Any CPU
		{1C53BEB0-01CF-4C08-8512-4E42342DAC1E}.Debug|Any CPU.ActiveCfg = Debug|Any CPU
		{1C53BEB0-01CF-4C08-8512-4E42342DAC1E}.Debug|Any CPU.Build.0 = Debug|Any CPU
		{1C53BEB0-01CF-4C08-8512-4E42342DAC1E}.Release|Any CPU.ActiveCfg = Release|Any CPU
		{1C53BEB0-01CF-4C08-8512-4E42342DAC1E}.Release|Any CPU.Build.0 = Release|Any CPU
		{A4D317EB-42C6-4C89-9E61-936990432412}.Debug|Any CPU.ActiveCfg = Debug|Any CPU
		{A4D317EB-42C6-4C89-9E61-936990432412}.Debug|Any CPU.Build.0 = Debug|Any CPU
		{A4D317EB-42C6-4C89-9E61-936990432412}.Release|Any CPU.ActiveCfg = Release|Any CPU
		{A4D317EB-42C6-4C89-9E61-936990432412}.Release|Any CPU.Build.0 = Release|Any CPU
		{D0FCD63D-1F67-459E-A4CE-17C7142140E2}.Debug|Any CPU.ActiveCfg = Debug|Any CPU
		{D0FCD63D-1F67-459E-A4CE-17C7142140E2}.Debug|Any CPU.Build.0 = Debug|Any CPU
		{D0FCD63D-1F67-459E-A4CE-17C7142140E2}.Release|Any CPU.ActiveCfg = Release|Any CPU
		{D0FCD63D-1F67-459E-A4CE-17C7142140E2}.Release|Any CPU.Build.0 = Release|Any CPU
		{2504D833-9099-4766-BB70-48D21FFC1A1D}.Debug|Any CPU.ActiveCfg = Debug|Any CPU
		{2504D833-9099-4766-BB70-48D21FFC1A1D}.Debug|Any CPU.Build.0 = Debug|Any CPU
		{2504D833-9099-4766-BB70-48D21FFC1A1D}.Release|Any CPU.ActiveCfg = Release|Any CPU
		{2504D833-9099-4766-BB70-48D21FFC1A1D}.Release|Any CPU.Build.0 = Release|Any CPU
		{E9E2E72B-3874-43FB-86B8-18E60BAC98D7}.Debug|Any CPU.ActiveCfg = Debug|Any CPU
		{E9E2E72B-3874-43FB-86B8-18E60BAC98D7}.Debug|Any CPU.Build.0 = Debug|Any CPU
		{E9E2E72B-3874-43FB-86B8-18E60BAC98D7}.Release|Any CPU.ActiveCfg = Release|Any CPU
		{E9E2E72B-3874-43FB-86B8-18E60BAC98D7}.Release|Any CPU.Build.0 = Release|Any CPU
		{4133E820-7C1F-4E6D-8B48-B2F3A9DE2181}.Debug|Any CPU.ActiveCfg = Debug|Any CPU
		{4133E820-7C1F-4E6D-8B48-B2F3A9DE2181}.Debug|Any CPU.Build.0 = Debug|Any CPU
		{4133E820-7C1F-4E6D-8B48-B2F3A9DE2181}.Release|Any CPU.ActiveCfg = Release|Any CPU
		{4133E820-7C1F-4E6D-8B48-B2F3A9DE2181}.Release|Any CPU.Build.0 = Release|Any CPU
		{CD792F49-356C-4BAC-A153-62F9817BB96B}.Debug|Any CPU.ActiveCfg = Debug|Any CPU
		{CD792F49-356C-4BAC-A153-62F9817BB96B}.Debug|Any CPU.Build.0 = Debug|Any CPU
		{CD792F49-356C-4BAC-A153-62F9817BB96B}.Release|Any CPU.ActiveCfg = Release|Any CPU
		{CD792F49-356C-4BAC-A153-62F9817BB96B}.Release|Any CPU.Build.0 = Release|Any CPU
		{6453AF95-7C51-41FE-87F2-64A8AA711BB6}.Debug|Any CPU.ActiveCfg = Debug|Any CPU
		{6453AF95-7C51-41FE-87F2-64A8AA711BB6}.Debug|Any CPU.Build.0 = Debug|Any CPU
		{6453AF95-7C51-41FE-87F2-64A8AA711BB6}.Release|Any CPU.ActiveCfg = Release|Any CPU
		{6453AF95-7C51-41FE-87F2-64A8AA711BB6}.Release|Any CPU.Build.0 = Release|Any CPU
		{CA03FA7F-436A-42C0-B08B-BA97823D250C}.Debug|Any CPU.ActiveCfg = Debug|Any CPU
		{CA03FA7F-436A-42C0-B08B-BA97823D250C}.Debug|Any CPU.Build.0 = Debug|Any CPU
		{CA03FA7F-436A-42C0-B08B-BA97823D250C}.Release|Any CPU.ActiveCfg = Release|Any CPU
		{CA03FA7F-436A-42C0-B08B-BA97823D250C}.Release|Any CPU.Build.0 = Release|Any CPU
	EndGlobalSection
	GlobalSection(SolutionProperties) = preSolution
		HideSolutionNode = FALSE
	EndGlobalSection
	GlobalSection(NestedProjects) = preSolution
		{E3931CF3-A0C1-4566-AF6A-854F7FE312B9} = {A9AF643A-B44D-4E6B-989D-84EB41359577}
		{779F1CD6-2B0B-425A-B1E1-6F3914A53B00} = {A9AF643A-B44D-4E6B-989D-84EB41359577}
		{0D0C2B99-43EA-44DF-B15F-63A09578DACC} = {A9AF643A-B44D-4E6B-989D-84EB41359577}
		{98A09AEA-F4CB-469F-B088-CEED2AA499B3} = {A9AF643A-B44D-4E6B-989D-84EB41359577}
		{3C6975D2-6E23-4F30-8784-38F833BED6E6} = {A9AF643A-B44D-4E6B-989D-84EB41359577}
		{476E5748-C8CC-49B0-9083-DD105751104C} = {2D893FCC-F11A-44F3-842E-47A9894D3737}
		{2822862A-6C9C-4021-823C-A1DF573E07D4} = {2D893FCC-F11A-44F3-842E-47A9894D3737}
		{F59E77DA-F0FB-4C08-852E-A99FF0BAA1D6} = {2D893FCC-F11A-44F3-842E-47A9894D3737}
		{D29B425E-9D71-49BD-BC30-099F78AA45E4} = {92FDB3B5-440F-4212-88DA-9714BC495DBD}
		{55CFC8EB-D32B-4BF8-BBEA-1D586595A381} = {C3D05CB3-D167-4C88-B081-4988AA61C611}
		{9CA59C8A-03AD-48A9-A8A2-AD0386C72F34} = {2D893FCC-F11A-44F3-842E-47A9894D3737}
		{DB1E7500-1448-4FF2-A0C9-70375F8DC2BF} = {67EFF444-6469-4AD6-B95E-FB60E8B262F5}
		{E812C76A-B5D0-47B1-801F-7059DA85F6CE} = {A0C64C7E-56A8-4888-9FC3-F19E4067A727}
		{68C0F198-8A39-4A8E-A5F8-972BD1748C87} = {A0C64C7E-56A8-4888-9FC3-F19E4067A727}
		{95203E67-23CE-47EE-AB1B-E21527A22431} = {92FDB3B5-440F-4212-88DA-9714BC495DBD}
		{EF976249-A86E-495B-AD85-C21FC19F30D4} = {2D893FCC-F11A-44F3-842E-47A9894D3737}
		{64FE4A08-7870-4D56-A548-38A865404BFD} = {2D893FCC-F11A-44F3-842E-47A9894D3737}
		{A3CE6E80-A59E-4EA6-980C-9728FD9ED484} = {A0C64C7E-56A8-4888-9FC3-F19E4067A727}
		{1C53BEB0-01CF-4C08-8512-4E42342DAC1E} = {A0C64C7E-56A8-4888-9FC3-F19E4067A727}
		{A4D317EB-42C6-4C89-9E61-936990432412} = {92FDB3B5-440F-4212-88DA-9714BC495DBD}
		{D0FCD63D-1F67-459E-A4CE-17C7142140E2} = {C3D05CB3-D167-4C88-B081-4988AA61C611}
		{2504D833-9099-4766-BB70-48D21FFC1A1D} = {C3D05CB3-D167-4C88-B081-4988AA61C611}
		{E9E2E72B-3874-43FB-86B8-18E60BAC98D7} = {2D893FCC-F11A-44F3-842E-47A9894D3737}
		{4133E820-7C1F-4E6D-8B48-B2F3A9DE2181} = {A9AF643A-B44D-4E6B-989D-84EB41359577}
		{CD792F49-356C-4BAC-A153-62F9817BB96B} = {A9AF643A-B44D-4E6B-989D-84EB41359577}
		{6453AF95-7C51-41FE-87F2-64A8AA711BB6} = {A9AF643A-B44D-4E6B-989D-84EB41359577}
	EndGlobalSection
	GlobalSection(ExtensibilityGlobals) = postSolution
		SolutionGuid = {2631B19E-C8A1-4D82-8AE6-1DB5A53A91F0}
	EndGlobalSection
EndGlobal
