
Microsoft Visual Studio Solution File, Format Version 12.00
# Visual Studio 15
VisualStudioVersion = 15.0.27130.2027
MinimumVisualStudioVersion = 10.0.40219.1
Project("{F184B08F-C81C-45F6-A57F-5ABD9991F28F}") = "CreaPieceComptaWeb", "CreaPieceComptaWeb.vbproj", "{297EDF76-234D-4799-B12E-EE5443C98D12}"
EndProject
Global
	GlobalSection(SolutionConfigurationPlatforms) = preSolution
		Debug|Any CPU = Debug|Any CPU
		Release|Any CPU = Release|Any CPU
	EndGlobalSection
	GlobalSection(ProjectConfigurationPlatforms) = postSolution
		{297EDF76-234D-4799-B12E-EE5443C98D12}.Debug|Any CPU.ActiveCfg = Debug|Any CPU
		{297EDF76-234D-4799-B12E-EE5443C98D12}.Debug|Any CPU.Build.0 = Debug|Any CPU
		{297EDF76-234D-4799-B12E-EE5443C98D12}.Release|Any CPU.ActiveCfg = Release|Any CPU
		{297EDF76-234D-4799-B12E-EE5443C98D12}.Release|Any CPU.Build.0 = Release|Any CPU
	EndGlobalSection
	GlobalSection(SolutionProperties) = preSolution
		HideSolutionNode = FALSE
	EndGlobalSection
	GlobalSection(ExtensibilityGlobals) = postSolution
		SolutionGuid = {C66A5869-AF1F-4B80-AA69-FF4A425B2621}
	EndGlobalSection
EndGlobal
